
Microsoft Visual Studio Solution File, Format Version 12.00
# Visual Studio Version 16
VisualStudioVersion = 16.0.31729.503
MinimumVisualStudioVersion = 10.0.40219.1
Project("{8BC9CEB8-8B4A-11D0-8D11-00A0C91BC942}") = "Euler_041_CPP", "Euler_041_CPP.vcxproj", "{709ABA1F-5B7F-4DD1-B4D0-33B74CBFAC93}"
EndProject
Global
	GlobalSection(SolutionConfigurationPlatforms) = preSolution
		Debug|x64 = Debug|x64
		Debug|x86 = Debug|x86
		Release|x64 = Release|x64
		Release|x86 = Release|x86
	EndGlobalSection
	GlobalSection(ProjectConfigurationPlatforms) = postSolution
		{709ABA1F-5B7F-4DD1-B4D0-33B74CBFAC93}.Debug|x64.ActiveCfg = Debug|x64
		{709ABA1F-5B7F-4DD1-B4D0-33B74CBFAC93}.Debug|x64.Build.0 = Debug|x64
		{709ABA1F-5B7F-4DD1-B4D0-33B74CBFAC93}.Debug|x86.ActiveCfg = Debug|Win32
		{709ABA1F-5B7F-4DD1-B4D0-33B74CBFAC93}.Debug|x86.Build.0 = Debug|Win32
		{709ABA1F-5B7F-4DD1-B4D0-33B74CBFAC93}.Release|x64.ActiveCfg = Release|x64
		{709ABA1F-5B7F-4DD1-B4D0-33B74CBFAC93}.Release|x64.Build.0 = Release|x64
		{709ABA1F-5B7F-4DD1-B4D0-33B74CBFAC93}.Release|x86.ActiveCfg = Release|Win32
		{709ABA1F-5B7F-4DD1-B4D0-33B74CBFAC93}.Release|x86.Build.0 = Release|Win32
	EndGlobalSection
	GlobalSection(SolutionProperties) = preSolution
		HideSolutionNode = FALSE
	EndGlobalSection
	GlobalSection(ExtensibilityGlobals) = postSolution
		SolutionGuid = {14CB5D06-7262-44F6-8C86-7BCB563691DE}
	EndGlobalSection
EndGlobal
